
Microsoft Visual Studio Solution File, Format Version 12.00
# Visual Studio 15
VisualStudioVersion = 15.0.26430.13
MinimumVisualStudioVersion = 10.0.40219.1
Project("{8BC9CEB8-8B4A-11D0-8D11-00A0C91BC942}") = "Papereader", "Papereader.vcxproj", "{43193839-FEFF-4969-9778-8FF27E7BF969}"
EndProject
Global
	GlobalSection(SolutionConfigurationPlatforms) = preSolution
		Debug|Win32 = Debug|Win32
		Debug|x64 = Debug|x64
		Debug|x86 = Debug|x86
		Debug-dll|Win32 = Debug-dll|Win32
		Debug-dll|x64 = Debug-dll|x64
		Debug-dll|x86 = Debug-dll|x86
		Debug-dll-xp|Win32 = Debug-dll-xp|Win32
		Debug-dll-xp|x64 = Debug-dll-xp|x64
		Debug-dll-xp|x86 = Debug-dll-xp|x86
		Debug-static|Win32 = Debug-static|Win32
		Debug-static|x64 = Debug-static|x64
		Debug-static|x86 = Debug-static|x86
		Debug-static-xp|Win32 = Debug-static-xp|Win32
		Debug-static-xp|x64 = Debug-static-xp|x64
		Debug-static-xp|x86 = Debug-static-xp|x86
		Release|Win32 = Release|Win32
		Release|x64 = Release|x64
		Release|x86 = Release|x86
		Release-dll|Win32 = Release-dll|Win32
		Release-dll|x64 = Release-dll|x64
		Release-dll|x86 = Release-dll|x86
		Release-dll-xp|Win32 = Release-dll-xp|Win32
		Release-dll-xp|x64 = Release-dll-xp|x64
		Release-dll-xp|x86 = Release-dll-xp|x86
		Release-static|Win32 = Release-static|Win32
		Release-static|x64 = Release-static|x64
		Release-static|x86 = Release-static|x86
		Release-static-xp|Win32 = Release-static-xp|Win32
		Release-static-xp|x64 = Release-static-xp|x64
		Release-static-xp|x86 = Release-static-xp|x86
	EndGlobalSection
	GlobalSection(ProjectConfigurationPlatforms) = postSolution
		{43193839-FEFF-4969-9778-8FF27E7BF969}.Debug|Win32.ActiveCfg = Debug|x64
		{43193839-FEFF-4969-9778-8FF27E7BF969}.Debug|x64.ActiveCfg = Debug|x64
		{43193839-FEFF-4969-9778-8FF27E7BF969}.Debug|x64.Build.0 = Debug|x64
		{43193839-FEFF-4969-9778-8FF27E7BF969}.Debug|x86.ActiveCfg = Debug|x64
		{43193839-FEFF-4969-9778-8FF27E7BF969}.Debug-dll|Win32.ActiveCfg = Release|x64
		{43193839-FEFF-4969-9778-8FF27E7BF969}.Debug-dll|Win32.Build.0 = Release|x64
		{43193839-FEFF-4969-9778-8FF27E7BF969}.Debug-dll|x64.ActiveCfg = Debug|x64
		{43193839-FEFF-4969-9778-8FF27E7BF969}.Debug-dll|x64.Build.0 = Debug|x64
		{43193839-FEFF-4969-9778-8FF27E7BF969}.Debug-dll|x86.ActiveCfg = Release|x64
		{43193839-FEFF-4969-9778-8FF27E7BF969}.Debug-dll|x86.Build.0 = Release|x64
		{43193839-FEFF-4969-9778-8FF27E7BF969}.Debug-dll-xp|Win32.ActiveCfg = Release|x64
		{43193839-FEFF-4969-9778-8FF27E7BF969}.Debug-dll-xp|Win32.Build.0 = Release|x64
		{43193839-FEFF-4969-9778-8FF27E7BF969}.Debug-dll-xp|x64.ActiveCfg = Debug|x64
		{43193839-FEFF-4969-9778-8FF27E7BF969}.Debug-dll-xp|x64.Build.0 = Debug|x64
		{43193839-FEFF-4969-9778-8FF27E7BF969}.Debug-dll-xp|x86.ActiveCfg = Release|x64
		{43193839-FEFF-4969-9778-8FF27E7BF969}.Debug-dll-xp|x86.Build.0 = Release|x64
		{43193839-FEFF-4969-9778-8FF27E7BF969}.Debug-static|Win32.ActiveCfg = Release|x64
		{43193839-FEFF-4969-9778-8FF27E7BF969}.Debug-static|Win32.Build.0 = Release|x64
		{43193839-FEFF-4969-9778-8FF27E7BF969}.Debug-static|x64.ActiveCfg = Debug|x64
		{43193839-FEFF-4969-9778-8FF27E7BF969}.Debug-static|x64.Build.0 = Debug|x64
		{43193839-FEFF-4969-9778-8FF27E7BF969}.Debug-static|x86.ActiveCfg = Release|x64
		{43193839-FEFF-4969-9778-8FF27E7BF969}.Debug-static|x86.Build.0 = Release|x64
		{43193839-FEFF-4969-9778-8FF27E7BF969}.Debug-static-xp|Win32.ActiveCfg = Release|x64
		{43193839-FEFF-4969-9778-8FF27E7BF969}.Debug-static-xp|Win32.Build.0 = Release|x64
		{43193839-FEFF-4969-9778-8FF27E7BF969}.Debug-static-xp|x64.ActiveCfg = Debug|x64
		{43193839-FEFF-4969-9778-8FF27E7BF969}.Debug-static-xp|x64.Build.0 = Debug|x64
		{43193839-FEFF-4969-9778-8FF27E7BF969}.Debug-static-xp|x86.ActiveCfg = Release|x64
		{43193839-FEFF-4969-9778-8FF27E7BF969}.Debug-static-xp|x86.Build.0 = Release|x64
		{43193839-FEFF-4969-9778-8FF27E7BF969}.Release|Win32.ActiveCfg = Release|x64
		{43193839-FEFF-4969-9778-8FF27E7BF969}.Release|x64.ActiveCfg = Release|x64
		{43193839-FEFF-4969-9778-8FF27E7BF969}.Release|x64.Build.0 = Release|x64
		{43193839-FEFF-4969-9778-8FF27E7BF969}.Release|x86.ActiveCfg = Release|x64
		{43193839-FEFF-4969-9778-8FF27E7BF969}.Release-dll|Win32.ActiveCfg = Release|x64
		{43193839-FEFF-4969-9778-8FF27E7BF969}.Release-dll|Win32.Build.0 = Release|x64
		{43193839-FEFF-4969-9778-8FF27E7BF969}.Release-dll|x64.ActiveCfg = Release|x64
		{43193839-FEFF-4969-9778-8FF27E7BF969}.Release-dll|x64.Build.0 = Release|x64
		{43193839-FEFF-4969-9778-8FF27E7BF969}.Release-dll|x86.ActiveCfg = Release|x64
		{43193839-FEFF-4969-9778-8FF27E7BF969}.Release-dll|x86.Build.0 = Release|x64
		{43193839-FEFF-4969-9778-8FF27E7BF969}.Release-dll-xp|Win32.ActiveCfg = Release|x64
		{43193839-FEFF-4969-9778-8FF27E7BF969}.Release-dll-xp|Win32.Build.0 = Release|x64
		{43193839-FEFF-4969-9778-8FF27E7BF969}.Release-dll-xp|x64.ActiveCfg = Release|x64
		{43193839-FEFF-4969-9778-8FF27E7BF969}.Release-dll-xp|x64.Build.0 = Release|x64
		{43193839-FEFF-4969-9778-8FF27E7BF969}.Release-dll-xp|x86.ActiveCfg = Release|x64
		{43193839-FEFF-4969-9778-8FF27E7BF969}.Release-dll-xp|x86.Build.0 = Release|x64
		{43193839-FEFF-4969-9778-8FF27E7BF969}.Release-static|Win32.ActiveCfg = Release|x64
		{43193839-FEFF-4969-9778-8FF27E7BF969}.Release-static|Win32.Build.0 = Release|x64
		{43193839-FEFF-4969-9778-8FF27E7BF969}.Release-static|x64.ActiveCfg = Release|x64
		{43193839-FEFF-4969-9778-8FF27E7BF969}.Release-static|x64.Build.0 = Release|x64
		{43193839-FEFF-4969-9778-8FF27E7BF969}.Release-static|x86.ActiveCfg = Release|x64
		{43193839-FEFF-4969-9778-8FF27E7BF969}.Release-static|x86.Build.0 = Release|x64
		{43193839-FEFF-4969-9778-8FF27E7BF969}.Release-static-xp|Win32.ActiveCfg = Release|x64
		{43193839-FEFF-4969-9778-8FF27E7BF969}.Release-static-xp|Win32.Build.0 = Release|x64
		{43193839-FEFF-4969-9778-8FF27E7BF969}.Release-static-xp|x64.ActiveCfg = Release|x64
		{43193839-FEFF-4969-9778-8FF27E7BF969}.Release-static-xp|x64.Build.0 = Release|x64
		{43193839-FEFF-4969-9778-8FF27E7BF969}.Release-static-xp|x86.ActiveCfg = Release|x64
		{43193839-FEFF-4969-9778-8FF27E7BF969}.Release-static-xp|x86.Build.0 = Release|x64
	EndGlobalSection
	GlobalSection(SolutionProperties) = preSolution
		HideSolutionNode = FALSE
	EndGlobalSection
EndGlobal
